
Microsoft Visual Studio Solution File, Format Version 12.00
# Visual Studio Version 16
VisualStudioVersion = 25.0.1706.0
MinimumVisualStudioVersion = 10.0.40219.1
Project("{FAE04EC0-301F-11D3-BF4B-00C04F79EFBC}") = "Movesense", "Movesense.csproj", "{EB16AD93-409C-4A77-9BF2-8868270C30C7}"
EndProject
Global
	GlobalSection(SolutionConfigurationPlatforms) = preSolution
		Debug|Any CPU = Debug|Any CPU
		Release|Any CPU = Release|Any CPU
	EndGlobalSection
	GlobalSection(ProjectConfigurationPlatforms) = postSolution
		{EB16AD93-409C-4A77-9BF2-8868270C30C7}.Debug|Any CPU.ActiveCfg = Debug|Any CPU
		{EB16AD93-409C-4A77-9BF2-8868270C30C7}.Debug|Any CPU.Build.0 = Debug|Any CPU
		{EB16AD93-409C-4A77-9BF2-8868270C30C7}.Release|Any CPU.ActiveCfg = Release|Any CPU
		{EB16AD93-409C-4A77-9BF2-8868270C30C7}.Release|Any CPU.Build.0 = Release|Any CPU
	EndGlobalSection
	GlobalSection(SolutionProperties) = preSolution
		HideSolutionNode = FALSE
	EndGlobalSection
	GlobalSection(ExtensibilityGlobals) = postSolution
		SolutionGuid = {AB47CF9B-3AFF-4C6D-BBF4-A3F227B8C446}
	EndGlobalSection
EndGlobal
